{
    "_readme": [
        "This file locks the dependencies of your project to a known state",
        "Read more about it at https://getcomposer.org/doc/01-basic-usage.md#composer-lock-the-lock-file",
        "This file is @generated automatically"
    ],
    "hash": "9f333e389309fb6a257a6ce271317eea",
    "content-hash": "da8685b0aeb0bc253a713a1222d57923",
    "packages": [],
    "packages-dev": [
        {
            "name": "trsenna/gozma16",
            "version": "0.3.0",
            "source": {
                "type": "git",
                "url": "https://github.com/trsenna/gozma16.git",
                "reference": "7bf791c4f0f58fac4e0c70613893b3a9dc067aa1"
            },
            "dist": {
                "type": "zip",
                "url": "https://api.github.com/repos/trsenna/gozma16/zipball/7bf791c4f0f58fac4e0c70613893b3a9dc067aa1",
                "reference": "7bf791c4f0f58fac4e0c70613893b3a9dc067aa1",
                "shasum": ""
            },
            "type": "project",
            "license": [
                "GPL-2.0+"
            ],
            "authors": [
                {
                    "name": "Thiago Senna",
                    "homepage": "http://thremes.com.br"
                }
            ],
            "description": "Easily vagrant up ubuntu/xenial64 machines with ansible roles.",
            "support": {
                "issues": "https://github.com/trsenna/gozma16/issues",
                "source": "https://github.com/trsenna/gozma16"
            },
            "time": "2016-12-23 23:05:14"
        }
    ],
    "aliases": [],
    "minimum-stability": "stable",
    "stability-flags": [],
    "prefer-stable": false,
    "prefer-lowest": false,
    "platform": {
        "php": ">=5.3.2"
    },
    "platform-dev": []
}
