{
    "_readme": [
        "This file locks the dependencies of your project to a known state",
        "Read more about it at https://getcomposer.org/doc/01-basic-usage.md#composer-lock-the-lock-file",
        "This file is @generated automatically"
    ],
    "hash": "f7d92ee7b3a83741c78c13e105a1b04b",
    "content-hash": "541fc6eb5aa0e3229f4bb9ff94150c75",
    "packages": [],
    "packages-dev": [
        {
            "name": "trsenna/gozma16",
            "version": "0.2.0",
            "source": {
                "type": "git",
                "url": "https://github.com/trsenna/gozma16.git",
                "reference": "f2ccf3da9bd6755165ffc902e14b58a2b1b4efda"
            },
            "dist": {
                "type": "zip",
                "url": "https://api.github.com/repos/trsenna/gozma16/zipball/f2ccf3da9bd6755165ffc902e14b58a2b1b4efda",
                "reference": "f2ccf3da9bd6755165ffc902e14b58a2b1b4efda",
                "shasum": ""
            },
            "type": "project",
            "license": [
                "GPL-2.0+"
            ],
            "authors": [
                {
                    "name": "Thiago Senna",
                    "homepage": "http://thremes.com.br"
                }
            ],
            "description": "Easily vagrant up ubuntu/xenial64 machines with ansible roles.",
            "support": {
                "issues": "https://github.com/trsenna/gozma16/issues",
                "source": "https://github.com/trsenna/gozma16"
            },
            "time": "2016-12-21 02:58:02"
        }
    ],
    "aliases": [],
    "minimum-stability": "stable",
    "stability-flags": [],
    "prefer-stable": false,
    "prefer-lowest": false,
    "platform": {
        "php": ">=5.3.2"
    },
    "platform-dev": []
}
